// !$*UTF8*$!
{
	archiveVersion = 1;
	classes = {
	};
	objectVersion = 77;
	objects = {

/* Begin PBXBuildFile section */
		A37A6A5A2E8DD636002C1584 /* IDWise in Frameworks */ = {isa = PBXBuildFile; productRef = A37A6A592E8DD636002C1584 /* IDWise */; };
		A3A62D1F2EBA8459008B0A69 /* FirebaseAuth in Frameworks */ = {isa = PBXBuildFile; productRef = A3A62D1E2EBA8459008B0A69 /* FirebaseAuth */; };
		A3A62D212EBA8459008B0A69 /* FirebaseFirestore in Frameworks */ = {isa = PBXBuildFile; productRef = A3A62D202EBA8459008B0A69 /* FirebaseFirestore */; };
		A3A62D282EBBD4D4008B0A69 /* ScreenTime.framework in Frameworks */ = {isa = PBXBuildFile; fileRef = A3A62D272EBBD4D4008B0A69 /* ScreenTime.framework */; };
		A3A83F1B2EBF89EB0008CBEE /* README.md in Resources */ = {isa = PBXBuildFile; fileRef = A3A83F1A2EBF89E00008CBEE /* README.md */; };
/* End PBXBuildFile section */

/* Begin PBXContainerItemProxy section */
		A32053842E77739A0003D342 /* PBXContainerItemProxy */ = {
			isa = PBXContainerItemProxy;
			containerPortal = A320536E2E7773940003D342 /* Project object */;
			proxyType = 1;
			remoteGlobalIDString = A32053752E7773950003D342;
			remoteInfo = Populist;
		};
		A320538E2E77739A0003D342 /* PBXContainerItemProxy */ = {
			isa = PBXContainerItemProxy;
			containerPortal = A320536E2E7773940003D342 /* Project object */;
			proxyType = 1;
			remoteGlobalIDString = A32053752E7773950003D342;
			remoteInfo = Populist;
		};
/* End PBXContainerItemProxy section */

/* Begin PBXFileReference section */
		A32053762E7773950003D342 /* Populist.app */ = {isa = PBXFileReference; explicitFileType = wrapper.application; includeInIndex = 0; path = Populist.app; sourceTree = BUILT_PRODUCTS_DIR; };
		A32053832E77739A0003D342 /* PopulistTests.xctest */ = {isa = PBXFileReference; explicitFileType = wrapper.cfbundle; includeInIndex = 0; path = PopulistTests.xctest; sourceTree = BUILT_PRODUCTS_DIR; };
		A320538D2E77739A0003D342 /* PopulistUITests.xctest */ = {isa = PBXFileReference; explicitFileType = wrapper.cfbundle; includeInIndex = 0; path = PopulistUITests.xctest; sourceTree = BUILT_PRODUCTS_DIR; };
		A3A62D272EBBD4D4008B0A69 /* ScreenTime.framework */ = {isa = PBXFileReference; lastKnownFileType = wrapper.framework; name = ScreenTime.framework; path = System/Library/Frameworks/ScreenTime.framework; sourceTree = SDKROOT; };
		A3A83F1A2EBF89E00008CBEE /* README.md */ = {isa = PBXFileReference; lastKnownFileType = net.daringfireball.markdown; path = README.md; sourceTree = "<group>"; };
/* End PBXFileReference section */

/* Begin PBXFileSystemSynchronizedRootGroup section */
		A32053782E7773950003D342 /* Populist */ = {
			isa = PBXFileSystemSynchronizedRootGroup;
			path = Populist;
			sourceTree = "<group>";
		};
		A32053862E77739A0003D342 /* PopulistTests */ = {
			isa = PBXFileSystemSynchronizedRootGroup;
			path = PopulistTests;
			sourceTree = "<group>";
		};
		A32053902E77739A0003D342 /* PopulistUITests */ = {
			isa = PBXFileSystemSynchronizedRootGroup;
			path = PopulistUITests;
			sourceTree = "<group>";
		};
/* End PBXFileSystemSynchronizedRootGroup section */

/* Begin PBXFrameworksBuildPhase section */
		A32053732E7773950003D342 /* Frameworks */ = {
			isa = PBXFrameworksBuildPhase;
			buildActionMask = 2147483647;
			files = (
				A37A6A5A2E8DD636002C1584 /* IDWise in Frameworks */,
				A3A62D1F2EBA8459008B0A69 /* FirebaseAuth in Frameworks */,
				A3A62D212EBA8459008B0A69 /* FirebaseFirestore in Frameworks */,
				A3A62D282EBBD4D4008B0A69 /* ScreenTime.framework in Frameworks */,
			);
			runOnlyForDeploymentPostprocessing = 0;
		};
		A32053802E77739A0003D342 /* Frameworks */ = {
			isa = PBXFrameworksBuildPhase;
			buildActionMask = 2147483647;
			files = (
			);
			runOnlyForDeploymentPostprocessing = 0;
		};
		A320538A2E77739A0003D342 /* Frameworks */ = {
			isa = PBXFrameworksBuildPhase;
			buildActionMask = 2147483647;
			files = (
			);
			runOnlyForDeploymentPostprocessing = 0;
		};
/* End PBXFrameworksBuildPhase section */

/* Begin PBXGroup section */
		A320536D2E7773940003D342 = {
			isa = PBXGroup;
			children = (
				A3A83F1A2EBF89E00008CBEE /* README.md */,
				A32053782E7773950003D342 /* Populist */,
				A32053862E77739A0003D342 /* PopulistTests */,
				A32053902E77739A0003D342 /* PopulistUITests */,
				A3A62D262EBBD4D3008B0A69 /* Frameworks */,
				A32053772E7773950003D342 /* Products */,
			);
			sourceTree = "<group>";
		};
		A32053772E7773950003D342 /* Products */ = {
			isa = PBXGroup;
			children = (
				A32053762E7773950003D342 /* Populist.app */,
				A32053832E77739A0003D342 /* PopulistTests.xctest */,
				A320538D2E77739A0003D342 /* PopulistUITests.xctest */,
			);
			name = Products;
			sourceTree = "<group>";
		};
		A3A62D262EBBD4D3008B0A69 /* Frameworks */ = {
			isa = PBXGroup;
			children = (
				A3A62D272EBBD4D4008B0A69 /* ScreenTime.framework */,
			);
			name = Frameworks;
			sourceTree = "<group>";
		};
/* End PBXGroup section */

/* Begin PBXNativeTarget section */
		A32053752E7773950003D342 /* Populist */ = {
			isa = PBXNativeTarget;
			buildConfigurationList = A32053972E77739A0003D342 /* Build configuration list for PBXNativeTarget "Populist" */;
			buildPhases = (
				A32053722E7773950003D342 /* Sources */,
				A32053732E7773950003D342 /* Frameworks */,
				A32053742E7773950003D342 /* Resources */,
			);
			buildRules = (
			);
			dependencies = (
			);
			fileSystemSynchronizedGroups = (
				A32053782E7773950003D342 /* Populist */,
			);
			name = Populist;
			packageProductDependencies = (
				A37A6A592E8DD636002C1584 /* IDWise */,
				A3A62D1E2EBA8459008B0A69 /* FirebaseAuth */,
				A3A62D202EBA8459008B0A69 /* FirebaseFirestore */,
			);
			productName = Populist;
			productReference = A32053762E7773950003D342 /* Populist.app */;
			productType = "com.apple.product-type.application";
		};
		A32053822E77739A0003D342 /* PopulistTests */ = {
			isa = PBXNativeTarget;
			buildConfigurationList = A320539A2E77739A0003D342 /* Build configuration list for PBXNativeTarget "PopulistTests" */;
			buildPhases = (
				A320537F2E77739A0003D342 /* Sources */,
				A32053802E77739A0003D342 /* Frameworks */,
				A32053812E77739A0003D342 /* Resources */,
			);
			buildRules = (
			);
			dependencies = (
				A32053852E77739A0003D342 /* PBXTargetDependency */,
			);
			fileSystemSynchronizedGroups = (
				A32053862E77739A0003D342 /* PopulistTests */,
			);
			name = PopulistTests;
			packageProductDependencies = (
			);
			productName = PopulistTests;
			productReference = A32053832E77739A0003D342 /* PopulistTests.xctest */;
			productType = "com.apple.product-type.bundle.unit-test";
		};
		A320538C2E77739A0003D342 /* PopulistUITests */ = {
			isa = PBXNativeTarget;
			buildConfigurationList = A320539D2E77739A0003D342 /* Build configuration list for PBXNativeTarget "PopulistUITests" */;
			buildPhases = (
				A32053892E77739A0003D342 /* Sources */,
				A320538A2E77739A0003D342 /* Frameworks */,
				A320538B2E77739A0003D342 /* Resources */,
			);
			buildRules = (
			);
			dependencies = (
				A320538F2E77739A0003D342 /* PBXTargetDependency */,
			);
			fileSystemSynchronizedGroups = (
				A32053902E77739A0003D342 /* PopulistUITests */,
			);
			name = PopulistUITests;
			packageProductDependencies = (
			);
			productName = PopulistUITests;
			productReference = A320538D2E77739A0003D342 /* PopulistUITests.xctest */;
			productType = "com.apple.product-type.bundle.ui-testing";
		};
/* End PBXNativeTarget section */

/* Begin PBXProject section */
		A320536E2E7773940003D342 /* Project object */ = {
			isa = PBXProject;
			attributes = {
				BuildIndependentTargetsInParallel = 1;
				LastSwiftUpdateCheck = 1640;
				LastUpgradeCheck = 2600;
				TargetAttributes = {
					A32053752E7773950003D342 = {
						CreatedOnToolsVersion = 16.4;
					};
					A32053822E77739A0003D342 = {
						CreatedOnToolsVersion = 16.4;
						TestTargetID = A32053752E7773950003D342;
					};
					A320538C2E77739A0003D342 = {
						CreatedOnToolsVersion = 16.4;
						TestTargetID = A32053752E7773950003D342;
					};
				};
			};
			buildConfigurationList = A32053712E7773940003D342 /* Build configuration list for PBXProject "Populist" */;
			developmentRegion = en;
			hasScannedForEncodings = 0;
			knownRegions = (
				en,
				Base,
			);
			mainGroup = A320536D2E7773940003D342;
			minimizedProjectReferenceProxies = 1;
			packageReferences = (
				A37A6A582E8DD636002C1584 /* XCRemoteSwiftPackageReference "idwise-ios-sdk" */,
				A3A62D1D2EBA8459008B0A69 /* XCRemoteSwiftPackageReference "firebase-ios-sdk" */,
			);
			preferredProjectObjectVersion = 77;
			productRefGroup = A32053772E7773950003D342 /* Products */;
			projectDirPath = "";
			projectRoot = "";
			targets = (
				A32053752E7773950003D342 /* Populist */,
				A32053822E77739A0003D342 /* PopulistTests */,
				A320538C2E77739A0003D342 /* PopulistUITests */,
			);
		};
/* End PBXProject section */

/* Begin PBXResourcesBuildPhase section */
		A32053742E7773950003D342 /* Resources */ = {
			isa = PBXResourcesBuildPhase;
			buildActionMask = 2147483647;
			files = (
				A3A83F1B2EBF89EB0008CBEE /* README.md in Resources */,
			);
			runOnlyForDeploymentPostprocessing = 0;
		};
		A32053812E77739A0003D342 /* Resources */ = {
			isa = PBXResourcesBuildPhase;
			buildActionMask = 2147483647;
			files = (
			);
			runOnlyForDeploymentPostprocessing = 0;
		};
		A320538B2E77739A0003D342 /* Resources */ = {
			isa = PBXResourcesBuildPhase;
			buildActionMask = 2147483647;
			files = (
			);
			runOnlyForDeploymentPostprocessing = 0;
		};
/* End PBXResourcesBuildPhase section */

/* Begin PBXSourcesBuildPhase section */
		A32053722E7773950003D342 /* Sources */ = {
			isa = PBXSourcesBuildPhase;
			buildActionMask = 2147483647;
			files = (
			);
			runOnlyForDeploymentPostprocessing = 0;
		};
		A320537F2E77739A0003D342 /* Sources */ = {
			isa = PBXSourcesBuildPhase;
			buildActionMask = 2147483647;
			files = (
			);
			runOnlyForDeploymentPostprocessing = 0;
		};
		A32053892E77739A0003D342 /* Sources */ = {
			isa = PBXSourcesBuildPhase;
			buildActionMask = 2147483647;
			files = (
			);
			runOnlyForDeploymentPostprocessing = 0;
		};
/* End PBXSourcesBuildPhase section */

/* Begin PBXTargetDependency section */
		A32053852E77739A0003D342 /* PBXTargetDependency */ = {
			isa = PBXTargetDependency;
			target = A32053752E7773950003D342 /* Populist */;
			targetProxy = A32053842E77739A0003D342 /* PBXContainerItemProxy */;
		};
		A320538F2E77739A0003D342 /* PBXTargetDependency */ = {
			isa = PBXTargetDependency;
			target = A32053752E7773950003D342 /* Populist */;
			targetProxy = A320538E2E77739A0003D342 /* PBXContainerItemProxy */;
		};
/* End PBXTargetDependency section */

/* Begin XCBuildConfiguration section */
		A32053952E77739A0003D342 /* Debug */ = {
			isa = XCBuildConfiguration;
			buildSettings = {
				ALWAYS_SEARCH_USER_PATHS = NO;
				ASSETCATALOG_COMPILER_GENERATE_SWIFT_ASSET_SYMBOL_EXTENSIONS = YES;
				CLANG_ANALYZER_NONNULL = YES;
				CLANG_ANALYZER_NUMBER_OBJECT_CONVERSION = YES_AGGRESSIVE;
				CLANG_CXX_LANGUAGE_STANDARD = "gnu++20";
				CLANG_ENABLE_MODULES = YES;
				CLANG_ENABLE_OBJC_ARC = YES;
				CLANG_ENABLE_OBJC_WEAK = YES;
				CLANG_WARN_BLOCK_CAPTURE_AUTORELEASING = YES;
				CLANG_WARN_BOOL_CONVERSION = YES;
				CLANG_WARN_COMMA = YES;
				CLANG_WARN_CONSTANT_CONVERSION = YES;
				CLANG_WARN_DEPRECATED_OBJC_IMPLEMENTATIONS = YES;
				CLANG_WARN_DIRECT_OBJC_ISA_USAGE = YES_ERROR;
				CLANG_WARN_DOCUMENTATION_COMMENTS = YES;
				CLANG_WARN_EMPTY_BODY = YES;
				CLANG_WARN_ENUM_CONVERSION = YES;
				CLANG_WARN_INFINITE_RECURSION = YES;
				CLANG_WARN_INT_CONVERSION = YES;
				CLANG_WARN_NON_LITERAL_NULL_CONVERSION = YES;
				CLANG_WARN_OBJC_IMPLICIT_RETAIN_SELF = YES;
				CLANG_WARN_OBJC_LITERAL_CONVERSION = YES;
				CLANG_WARN_OBJC_ROOT_CLASS = YES_ERROR;
				CLANG_WARN_QUOTED_INCLUDE_IN_FRAMEWORK_HEADER = YES;
				CLANG_WARN_RANGE_LOOP_ANALYSIS = YES;
				CLANG_WARN_STRICT_PROTOTYPES = YES;
				CLANG_WARN_SUSPICIOUS_MOVE = YES;
				CLANG_WARN_UNGUARDED_AVAILABILITY = YES_AGGRESSIVE;
				CLANG_WARN_UNREACHABLE_CODE = YES;
				CLANG_WARN__DUPLICATE_METHOD_MATCH = YES;
				COPY_PHASE_STRIP = NO;
				DEBUG_INFORMATION_FORMAT = dwarf;
				DEVELOPMENT_TEAM = 7279TDDFK4;
				ENABLE_STRICT_OBJC_MSGSEND = YES;
				ENABLE_TESTABILITY = YES;
				ENABLE_USER_SCRIPT_SANDBOXING = YES;
				GCC_C_LANGUAGE_STANDARD = gnu17;
				GCC_DYNAMIC_NO_PIC = NO;
				GCC_NO_COMMON_BLOCKS = YES;
				GCC_OPTIMIZATION_LEVEL = 0;
				GCC_PREPROCESSOR_DEFINITIONS = (
					"DEBUG=1",
					"$(inherited)",
				);
				GCC_WARN_64_TO_32_BIT_CONVERSION = YES;
				GCC_WARN_ABOUT_RETURN_TYPE = YES_ERROR;
				GCC_WARN_UNDECLARED_SELECTOR = YES;
				GCC_WARN_UNINITIALIZED_AUTOS = YES_AGGRESSIVE;
				GCC_WARN_UNUSED_FUNCTION = YES;
				GCC_WARN_UNUSED_VARIABLE = YES;
				IPHONEOS_DEPLOYMENT_TARGET = 18.5;
				LOCALIZATION_PREFERS_STRING_CATALOGS = YES;
				MTL_ENABLE_DEBUG_INFO = INCLUDE_SOURCE;
				MTL_FAST_MATH = YES;
				ONLY_ACTIVE_ARCH = YES;
				SDKROOT = iphoneos;
				STRING_CATALOG_GENERATE_SYMBOLS = YES;
				SWIFT_ACTIVE_COMPILATION_CONDITIONS = "DEBUG $(inherited)";
				SWIFT_OPTIMIZATION_LEVEL = "-Onone";
			};
			name = Debug;
		};
		A32053962E77739A0003D342 /* Release */ = {
			isa = XCBuildConfiguration;
			buildSettings = {
				ALWAYS_SEARCH_USER_PATHS = NO;
				ASSETCATALOG_COMPILER_GENERATE_SWIFT_ASSET_SYMBOL_EXTENSIONS = YES;
				CLANG_ANALYZER_NONNULL = YES;
				CLANG_ANALYZER_NUMBER_OBJECT_CONVERSION = YES_AGGRESSIVE;
				CLANG_CXX_LANGUAGE_STANDARD = "gnu++20";
				CLANG_ENABLE_MODULES = YES;
				CLANG_ENABLE_OBJC_ARC = YES;
				CLANG_ENABLE_OBJC_WEAK = YES;
				CLANG_WARN_BLOCK_CAPTURE_AUTORELEASING = YES;
				CLANG_WARN_BOOL_CONVERSION = YES;
				CLANG_WARN_COMMA = YES;
				CLANG_WARN_CONSTANT_CONVERSION = YES;
				CLANG_WARN_DEPRECATED_OBJC_IMPLEMENTATIONS = YES;
				CLANG_WARN_DIRECT_OBJC_ISA_USAGE = YES_ERROR;
				CLANG_WARN_DOCUMENTATION_COMMENTS = YES;
				CLANG_WARN_EMPTY_BODY = YES;
				CLANG_WARN_ENUM_CONVERSION = YES;
				CLANG_WARN_INFINITE_RECURSION = YES;
				CLANG_WARN_INT_CONVERSION = YES;
				CLANG_WARN_NON_LITERAL_NULL_CONVERSION = YES;
				CLANG_WARN_OBJC_IMPLICIT_RETAIN_SELF = YES;
				CLANG_WARN_OBJC_LITERAL_CONVERSION = YES;
				CLANG_WARN_OBJC_ROOT_CLASS = YES_ERROR;
				CLANG_WARN_QUOTED_INCLUDE_IN_FRAMEWORK_HEADER = YES;
				CLANG_WARN_RANGE_LOOP_ANALYSIS = YES;
				CLANG_WARN_STRICT_PROTOTYPES = YES;
				CLANG_WARN_SUSPICIOUS_MOVE = YES;
				CLANG_WARN_UNGUARDED_AVAILABILITY = YES_AGGRESSIVE;
				CLANG_WARN_UNREACHABLE_CODE = YES;
				CLANG_WARN__DUPLICATE_METHOD_MATCH = YES;
				COPY_PHASE_STRIP = NO;
				DEBUG_INFORMATION_FORMAT = "dwarf-with-dsym";
				DEVELOPMENT_TEAM = 7279TDDFK4;
				ENABLE_NS_ASSERTIONS = NO;
				ENABLE_STRICT_OBJC_MSGSEND = YES;
				ENABLE_USER_SCRIPT_SANDBOXING = YES;
				GCC_C_LANGUAGE_STANDARD = gnu17;
				GCC_NO_COMMON_BLOCKS = YES;
				GCC_WARN_64_TO_32_BIT_CONVERSION = YES;
				GCC_WARN_ABOUT_RETURN_TYPE = YES_ERROR;
				GCC_WARN_UNDECLARED_SELECTOR = YES;
				GCC_WARN_UNINITIALIZED_AUTOS = YES_AGGRESSIVE;
				GCC_WARN_UNUSED_FUNCTION = YES;
				GCC_WARN_UNUSED_VARIABLE = YES;
				IPHONEOS_DEPLOYMENT_TARGET = 18.5;
				LOCALIZATION_PREFERS_STRING_CATALOGS = YES;
				MTL_ENABLE_DEBUG_INFO = NO;
				MTL_FAST_MATH = YES;
				SDKROOT = iphoneos;
				STRING_CATALOG_GENERATE_SYMBOLS = YES;
				SWIFT_COMPILATION_MODE = wholemodule;
				VALIDATE_PRODUCT = YES;
			};
			name = Release;
		};
		A32053982E77739A0003D342 /* Debug */ = {
			isa = XCBuildConfiguration;
			buildSettings = {
				ASSETCATALOG_COMPILER_APPICON_NAME = AppIcon;
				ASSETCATALOG_COMPILER_GLOBAL_ACCENT_COLOR_NAME = AccentColor;
				CODE_SIGN_ENTITLEMENTS = Populist/Populist.entitlements;
				CODE_SIGN_STYLE = Automatic;
				CURRENT_PROJECT_VERSION = 1;
				DEVELOPMENT_TEAM = 7279TDDFK4;
				ENABLE_PREVIEWS = YES;
				GENERATE_INFOPLIST_FILE = YES;
				INFOPLIST_KEY_CFBundleDisplayName = Populist;
				INFOPLIST_KEY_LSApplicationCategoryType = "public.app-category.news";
				INFOPLIST_KEY_UIApplicationSceneManifest_Generation = YES;
				INFOPLIST_KEY_UIApplicationSupportsIndirectInputEvents = YES;
				INFOPLIST_KEY_UILaunchScreen_Generation = YES;
				INFOPLIST_KEY_UISupportedInterfaceOrientations_iPad = "UIInterfaceOrientationPortrait UIInterfaceOrientationPortraitUpsideDown UIInterfaceOrientationLandscapeLeft UIInterfaceOrientationLandscapeRight";
				INFOPLIST_KEY_UISupportedInterfaceOrientations_iPhone = "UIInterfaceOrientationPortrait UIInterfaceOrientationLandscapeLeft UIInterfaceOrientationLandscapeRight";
				LD_RUNPATH_SEARCH_PATHS = (
					"$(inherited)",
					"@executable_path/Frameworks",
				);
				MARKETING_VERSION = 1.0;
				PRODUCT_BUNDLE_IDENTIFIER = com.sayists.Populist;
				PRODUCT_NAME = "$(TARGET_NAME)";
				SWIFT_EMIT_LOC_STRINGS = YES;
				SWIFT_VERSION = 5.0;
				TARGETED_DEVICE_FAMILY = "1,2";
			};
			name = Debug;
		};
		A32053992E77739A0003D342 /* Release */ = {
			isa = XCBuildConfiguration;
			buildSettings = {
				ASSETCATALOG_COMPILER_APPICON_NAME = AppIcon;
				ASSETCATALOG_COMPILER_GLOBAL_ACCENT_COLOR_NAME = AccentColor;
				CODE_SIGN_ENTITLEMENTS = Populist/Populist.entitlements;
				CODE_SIGN_STYLE = Automatic;
				CURRENT_PROJECT_VERSION = 1;
				DEVELOPMENT_TEAM = 7279TDDFK4;
				ENABLE_PREVIEWS = YES;
				GENERATE_INFOPLIST_FILE = YES;
				INFOPLIST_KEY_CFBundleDisplayName = Populist;
				INFOPLIST_KEY_LSApplicationCategoryType = "public.app-category.news";
				INFOPLIST_KEY_UIApplicationSceneManifest_Generation = YES;
				INFOPLIST_KEY_UIApplicationSupportsIndirectInputEvents = YES;
				INFOPLIST_KEY_UILaunchScreen_Generation = YES;
				INFOPLIST_KEY_UISupportedInterfaceOrientations_iPad = "UIInterfaceOrientationPortrait UIInterfaceOrientationPortraitUpsideDown UIInterfaceOrientationLandscapeLeft UIInterfaceOrientationLandscapeRight";
				INFOPLIST_KEY_UISupportedInterfaceOrientations_iPhone = "UIInterfaceOrientationPortrait UIInterfaceOrientationLandscapeLeft UIInterfaceOrientationLandscapeRight";
				LD_RUNPATH_SEARCH_PATHS = (
					"$(inherited)",
					"@executable_path/Frameworks",
				);
				MARKETING_VERSION = 1.0;
				PRODUCT_BUNDLE_IDENTIFIER = com.sayists.Populist;
				PRODUCT_NAME = "$(TARGET_NAME)";
				SWIFT_EMIT_LOC_STRINGS = YES;
				SWIFT_VERSION = 5.0;
				TARGETED_DEVICE_FAMILY = "1,2";
			};
			name = Release;
		};
		A320539B2E77739A0003D342 /* Debug */ = {
			isa = XCBuildConfiguration;
			buildSettings = {
				BUNDLE_LOADER = "$(TEST_HOST)";
				CODE_SIGN_STYLE = Automatic;
				CURRENT_PROJECT_VERSION = 1;
				DEVELOPMENT_TEAM = 7279TDDFK4;
				GENERATE_INFOPLIST_FILE = YES;
				IPHONEOS_DEPLOYMENT_TARGET = 18.5;
				MARKETING_VERSION = 1.0;
				PRODUCT_BUNDLE_IDENTIFIER = com.sayists.PopulistTests;
				PRODUCT_NAME = "$(TARGET_NAME)";
				SWIFT_EMIT_LOC_STRINGS = NO;
				SWIFT_VERSION = 5.0;
				TARGETED_DEVICE_FAMILY = "1,2";
				TEST_HOST = "$(BUILT_PRODUCTS_DIR)/Populist.app/$(BUNDLE_EXECUTABLE_FOLDER_PATH)/Populist";
			};
			name = Debug;
		};
		A320539C2E77739A0003D342 /* Release */ = {
			isa = XCBuildConfiguration;
			buildSettings = {
				BUNDLE_LOADER = "$(TEST_HOST)";
				CODE_SIGN_STYLE = Automatic;
				CURRENT_PROJECT_VERSION = 1;
				DEVELOPMENT_TEAM = 7279TDDFK4;
				GENERATE_INFOPLIST_FILE = YES;
				IPHONEOS_DEPLOYMENT_TARGET = 18.5;
				MARKETING_VERSION = 1.0;
				PRODUCT_BUNDLE_IDENTIFIER = com.sayists.PopulistTests;
				PRODUCT_NAME = "$(TARGET_NAME)";
				SWIFT_EMIT_LOC_STRINGS = NO;
				SWIFT_VERSION = 5.0;
				TARGETED_DEVICE_FAMILY = "1,2";
				TEST_HOST = "$(BUILT_PRODUCTS_DIR)/Populist.app/$(BUNDLE_EXECUTABLE_FOLDER_PATH)/Populist";
			};
			name = Release;
		};
		A320539E2E77739A0003D342 /* Debug */ = {
			isa = XCBuildConfiguration;
			buildSettings = {
				CODE_SIGN_STYLE = Automatic;
				CURRENT_PROJECT_VERSION = 1;
				DEVELOPMENT_TEAM = 7279TDDFK4;
				GENERATE_INFOPLIST_FILE = YES;
				MARKETING_VERSION = 1.0;
				PRODUCT_BUNDLE_IDENTIFIER = com.sayists.PopulistUITests;
				PRODUCT_NAME = "$(TARGET_NAME)";
				SWIFT_EMIT_LOC_STRINGS = NO;
				SWIFT_VERSION = 5.0;
				TARGETED_DEVICE_FAMILY = "1,2";
				TEST_TARGET_NAME = Populist;
			};
			name = Debug;
		};
		A320539F2E77739A0003D342 /* Release */ = {
			isa = XCBuildConfiguration;
			buildSettings = {
				CODE_SIGN_STYLE = Automatic;
				CURRENT_PROJECT_VERSION = 1;
				DEVELOPMENT_TEAM = 7279TDDFK4;
				GENERATE_INFOPLIST_FILE = YES;
				MARKETING_VERSION = 1.0;
				PRODUCT_BUNDLE_IDENTIFIER = com.sayists.PopulistUITests;
				PRODUCT_NAME = "$(TARGET_NAME)";
				SWIFT_EMIT_LOC_STRINGS = NO;
				SWIFT_VERSION = 5.0;
				TARGETED_DEVICE_FAMILY = "1,2";
				TEST_TARGET_NAME = Populist;
			};
			name = Release;
		};
/* End XCBuildConfiguration section */

/* Begin XCConfigurationList section */
		A32053712E7773940003D342 /* Build configuration list for PBXProject "Populist" */ = {
			isa = XCConfigurationList;
			buildConfigurations = (
				A32053952E77739A0003D342 /* Debug */,
				A32053962E77739A0003D342 /* Release */,
			);
			defaultConfigurationIsVisible = 0;
			defaultConfigurationName = Release;
		};
		A32053972E77739A0003D342 /* Build configuration list for PBXNativeTarget "Populist" */ = {
			isa = XCConfigurationList;
			buildConfigurations = (
				A32053982E77739A0003D342 /* Debug */,
				A32053992E77739A0003D342 /* Release */,
			);
			defaultConfigurationIsVisible = 0;
			defaultConfigurationName = Release;
		};
		A320539A2E77739A0003D342 /* Build configuration list for PBXNativeTarget "PopulistTests" */ = {
			isa = XCConfigurationList;
			buildConfigurations = (
				A320539B2E77739A0003D342 /* Debug */,
				A320539C2E77739A0003D342 /* Release */,
			);
			defaultConfigurationIsVisible = 0;
			defaultConfigurationName = Release;
		};
		A320539D2E77739A0003D342 /* Build configuration list for PBXNativeTarget "PopulistUITests" */ = {
			isa = XCConfigurationList;
			buildConfigurations = (
				A320539E2E77739A0003D342 /* Debug */,
				A320539F2E77739A0003D342 /* Release */,
			);
			defaultConfigurationIsVisible = 0;
			defaultConfigurationName = Release;
		};
/* End XCConfigurationList section */

/* Begin XCRemoteSwiftPackageReference section */
		A37A6A582E8DD636002C1584 /* XCRemoteSwiftPackageReference "idwise-ios-sdk" */ = {
			isa = XCRemoteSwiftPackageReference;
			repositoryURL = "https://github.com/idwise/idwise-ios-sdk";
			requirement = {
				branch = main;
				kind = branch;
			};
		};
		A3A62D1D2EBA8459008B0A69 /* XCRemoteSwiftPackageReference "firebase-ios-sdk" */ = {
			isa = XCRemoteSwiftPackageReference;
			repositoryURL = "https://github.com/firebase/firebase-ios-sdk.git";
			requirement = {
				kind = upToNextMajorVersion;
				minimumVersion = 12.5.0;
			};
		};
/* End XCRemoteSwiftPackageReference section */

/* Begin XCSwiftPackageProductDependency section */
		A37A6A592E8DD636002C1584 /* IDWise */ = {
			isa = XCSwiftPackageProductDependency;
			package = A37A6A582E8DD636002C1584 /* XCRemoteSwiftPackageReference "idwise-ios-sdk" */;
			productName = IDWise;
		};
		A3A62D1E2EBA8459008B0A69 /* FirebaseAuth */ = {
			isa = XCSwiftPackageProductDependency;
			package = A3A62D1D2EBA8459008B0A69 /* XCRemoteSwiftPackageReference "firebase-ios-sdk" */;
			productName = FirebaseAuth;
		};
		A3A62D202EBA8459008B0A69 /* FirebaseFirestore */ = {
			isa = XCSwiftPackageProductDependency;
			package = A3A62D1D2EBA8459008B0A69 /* XCRemoteSwiftPackageReference "firebase-ios-sdk" */;
			productName = FirebaseFirestore;
		};
/* End XCSwiftPackageProductDependency section */
	};
	rootObject = A320536E2E7773940003D342 /* Project object */;
}
